
Microsoft Visual Studio Solution File, Format Version 12.00
Project("{FAE04EC0-301F-11D3-BF4B-00C04F79EFBC}") = "CarServiceASPProject", "CarServiceASPProject\CarServiceASPProject.csproj", "{0D93C375-BE6D-48D0-840E-7B5D422B16A4}"
EndProject
Project("{FAE04EC0-301F-11D3-BF4B-00C04F79EFBC}") = "CarServiceLibrary", "CarServiceLibrary\CarServiceLibrary.csproj", "{2C9BC3CA-3FC6-4F47-ABF4-8C2EB01374AA}"
EndProject
Global
	GlobalSection(SolutionConfigurationPlatforms) = preSolution
		Debug|Any CPU = Debug|Any CPU
		Release|Any CPU = Release|Any CPU
	EndGlobalSection
	GlobalSection(ProjectConfigurationPlatforms) = postSolution
		{0D93C375-BE6D-48D0-840E-7B5D422B16A4}.Debug|Any CPU.ActiveCfg = Debug|Any CPU
		{0D93C375-BE6D-48D0-840E-7B5D422B16A4}.Debug|Any CPU.Build.0 = Debug|Any CPU
		{0D93C375-BE6D-48D0-840E-7B5D422B16A4}.Release|Any CPU.ActiveCfg = Release|Any CPU
		{0D93C375-BE6D-48D0-840E-7B5D422B16A4}.Release|Any CPU.Build.0 = Release|Any CPU
		{2C9BC3CA-3FC6-4F47-ABF4-8C2EB01374AA}.Debug|Any CPU.ActiveCfg = Debug|Any CPU
		{2C9BC3CA-3FC6-4F47-ABF4-8C2EB01374AA}.Debug|Any CPU.Build.0 = Debug|Any CPU
		{2C9BC3CA-3FC6-4F47-ABF4-8C2EB01374AA}.Release|Any CPU.ActiveCfg = Release|Any CPU
		{2C9BC3CA-3FC6-4F47-ABF4-8C2EB01374AA}.Release|Any CPU.Build.0 = Release|Any CPU
	EndGlobalSection
EndGlobal
